// !$*UTF8*$!
{
	archiveVersion = 1;
	classes = {
	};
	objectVersion = 46;
	objects = {

/* Begin PBXBuildFile section */
		70E785091A9D624E00FCB738 /* AppDelegate.swift in Sources */ = {isa = PBXBuildFile; fileRef = 70E785081A9D624E00FCB738 /* AppDelegate.swift */; };
		70E7850B1A9D624E00FCB738 /* ViewController.swift in Sources */ = {isa = PBXBuildFile; fileRef = 70E7850A1A9D624E00FCB738 /* ViewController.swift */; };
		70E7850E1A9D624E00FCB738 /* Main.storyboard in Resources */ = {isa = PBXBuildFile; fileRef = 70E7850C1A9D624E00FCB738 /* Main.storyboard */; };
		70E785101A9D624E00FCB738 /* Images.xcassets in Resources */ = {isa = PBXBuildFile; fileRef = 70E7850F1A9D624E00FCB738 /* Images.xcassets */; };
		70E785131A9D624E00FCB738 /* LaunchScreen.xib in Resources */ = {isa = PBXBuildFile; fileRef = 70E785111A9D624E00FCB738 /* LaunchScreen.xib */; };
		70E7851F1A9D624E00FCB738 /* LocalNotificationTutorialTests.swift in Sources */ = {isa = PBXBuildFile; fileRef = 70E7851E1A9D624E00FCB738 /* LocalNotificationTutorialTests.swift */; };
/* End PBXBuildFile section */

/* Begin PBXContainerItemProxy section */
		70E785191A9D624E00FCB738 /* PBXContainerItemProxy */ = {
			isa = PBXContainerItemProxy;
			containerPortal = 70E784FB1A9D624E00FCB738 /* Project object */;
			proxyType = 1;
			remoteGlobalIDString = 70E785021A9D624E00FCB738;
			remoteInfo = LocalNotificationTutorial;
		};
/* End PBXContainerItemProxy section */

/* Begin PBXFileReference section */
		70E785031A9D624E00FCB738 /* LocalNotificationTutorial.app */ = {isa = PBXFileReference; explicitFileType = wrapper.application; includeInIndex = 0; path = LocalNotificationTutorial.app; sourceTree = BUILT_PRODUCTS_DIR; };
		70E785071A9D624E00FCB738 /* Info.plist */ = {isa = PBXFileReference; lastKnownFileType = text.plist.xml; path = Info.plist; sourceTree = "<group>"; };
		70E785081A9D624E00FCB738 /* AppDelegate.swift */ = {isa = PBXFileReference; lastKnownFileType = sourcecode.swift; path = AppDelegate.swift; sourceTree = "<group>"; };
		70E7850A1A9D624E00FCB738 /* ViewController.swift */ = {isa = PBXFileReference; lastKnownFileType = sourcecode.swift; path = ViewController.swift; sourceTree = "<group>"; };
		70E7850D1A9D624E00FCB738 /* Base */ = {isa = PBXFileReference; lastKnownFileType = file.storyboard; name = Base; path = Base.lproj/Main.storyboard; sourceTree = "<group>"; };
		70E7850F1A9D624E00FCB738 /* Images.xcassets */ = {isa = PBXFileReference; lastKnownFileType = folder.assetcatalog; path = Images.xcassets; sourceTree = "<group>"; };
		70E785121A9D624E00FCB738 /* Base */ = {isa = PBXFileReference; lastKnownFileType = file.xib; name = Base; path = Base.lproj/LaunchScreen.xib; sourceTree = "<group>"; };
		70E785181A9D624E00FCB738 /* LocalNotificationTutorialTests.xctest */ = {isa = PBXFileReference; explicitFileType = wrapper.cfbundle; includeInIndex = 0; path = LocalNotificationTutorialTests.xctest; sourceTree = BUILT_PRODUCTS_DIR; };
		70E7851D1A9D624E00FCB738 /* Info.plist */ = {isa = PBXFileReference; lastKnownFileType = text.plist.xml; path = Info.plist; sourceTree = "<group>"; };
		70E7851E1A9D624E00FCB738 /* LocalNotificationTutorialTests.swift */ = {isa = PBXFileReference; lastKnownFileType = sourcecode.swift; path = LocalNotificationTutorialTests.swift; sourceTree = "<group>"; };
/* End PBXFileReference section */

/* Begin PBXFrameworksBuildPhase section */
		70E785001A9D624E00FCB738 /* Frameworks */ = {
			isa = PBXFrameworksBuildPhase;
			buildActionMask = 2147483647;
			files = (
			);
			runOnlyForDeploymentPostprocessing = 0;
		};
		70E785151A9D624E00FCB738 /* Frameworks */ = {
			isa = PBXFrameworksBuildPhase;
			buildActionMask = 2147483647;
			files = (
			);
			runOnlyForDeploymentPostprocessing = 0;
		};
/* End PBXFrameworksBuildPhase section */

/* Begin PBXGroup section */
		70E784FA1A9D624E00FCB738 = {
			isa = PBXGroup;
			children = (
				70E785051A9D624E00FCB738 /* LocalNotificationTutorial */,
				70E7851B1A9D624E00FCB738 /* LocalNotificationTutorialTests */,
				70E785041A9D624E00FCB738 /* Products */,
			);
			sourceTree = "<group>";
		};
		70E785041A9D624E00FCB738 /* Products */ = {
			isa = PBXGroup;
			children = (
				70E785031A9D624E00FCB738 /* LocalNotificationTutorial.app */,
				70E785181A9D624E00FCB738 /* LocalNotificationTutorialTests.xctest */,
			);
			name = Products;
			sourceTree = "<group>";
		};
		70E785051A9D624E00FCB738 /* LocalNotificationTutorial */ = {
			isa = PBXGroup;
			children = (
				70E785081A9D624E00FCB738 /* AppDelegate.swift */,
				70E7850A1A9D624E00FCB738 /* ViewController.swift */,
				70E7850C1A9D624E00FCB738 /* Main.storyboard */,
				70E7850F1A9D624E00FCB738 /* Images.xcassets */,
				70E785111A9D624E00FCB738 /* LaunchScreen.xib */,
				70E785061A9D624E00FCB738 /* Supporting Files */,
			);
			path = LocalNotificationTutorial;
			sourceTree = "<group>";
		};
		70E785061A9D624E00FCB738 /* Supporting Files */ = {
			isa = PBXGroup;
			children = (
				70E785071A9D624E00FCB738 /* Info.plist */,
			);
			name = "Supporting Files";
			sourceTree = "<group>";
		};
		70E7851B1A9D624E00FCB738 /* LocalNotificationTutorialTests */ = {
			isa = PBXGroup;
			children = (
				70E7851E1A9D624E00FCB738 /* LocalNotificationTutorialTests.swift */,
				70E7851C1A9D624E00FCB738 /* Supporting Files */,
			);
			path = LocalNotificationTutorialTests;
			sourceTree = "<group>";
		};
		70E7851C1A9D624E00FCB738 /* Supporting Files */ = {
			isa = PBXGroup;
			children = (
				70E7851D1A9D624E00FCB738 /* Info.plist */,
			);
			name = "Supporting Files";
			sourceTree = "<group>";
		};
/* End PBXGroup section */

/* Begin PBXNativeTarget section */
		70E785021A9D624E00FCB738 /* LocalNotificationTutorial */ = {
			isa = PBXNativeTarget;
			buildConfigurationList = 70E785221A9D624E00FCB738 /* Build configuration list for PBXNativeTarget "LocalNotificationTutorial" */;
			buildPhases = (
				70E784FF1A9D624E00FCB738 /* Sources */,
				70E785001A9D624E00FCB738 /* Frameworks */,
				70E785011A9D624E00FCB738 /* Resources */,
			);
			buildRules = (
			);
			dependencies = (
			);
			name = LocalNotificationTutorial;
			productName = LocalNotificationTutorial;
			productReference = 70E785031A9D624E00FCB738 /* LocalNotificationTutorial.app */;
			productType = "com.apple.product-type.application";
		};
		70E785171A9D624E00FCB738 /* LocalNotificationTutorialTests */ = {
			isa = PBXNativeTarget;
			buildConfigurationList = 70E785251A9D624E00FCB738 /* Build configuration list for PBXNativeTarget "LocalNotificationTutorialTests" */;
			buildPhases = (
				70E785141A9D624E00FCB738 /* Sources */,
				70E785151A9D624E00FCB738 /* Frameworks */,
				70E785161A9D624E00FCB738 /* Resources */,
			);
			buildRules = (
			);
			dependencies = (
				70E7851A1A9D624E00FCB738 /* PBXTargetDependency */,
			);
			name = LocalNotificationTutorialTests;
			productName = LocalNotificationTutorialTests;
			productReference = 70E785181A9D624E00FCB738 /* LocalNotificationTutorialTests.xctest */;
			productType = "com.apple.product-type.bundle.unit-test";
		};
/* End PBXNativeTarget section */

/* Begin PBXProject section */
		70E784FB1A9D624E00FCB738 /* Project object */ = {
			isa = PBXProject;
			attributes = {
				LastUpgradeCheck = 0630;
				ORGANIZATIONNAME = "Genesis Apps, LLC";
				TargetAttributes = {
					70E785021A9D624E00FCB738 = {
						CreatedOnToolsVersion = 6.3;
					};
					70E785171A9D624E00FCB738 = {
						CreatedOnToolsVersion = 6.3;
						TestTargetID = 70E785021A9D624E00FCB738;
					};
				};
			};
			buildConfigurationList = 70E784FE1A9D624E00FCB738 /* Build configuration list for PBXProject "LocalNotificationTutorial" */;
			compatibilityVersion = "Xcode 3.2";
			developmentRegion = English;
			hasScannedForEncodings = 0;
			knownRegions = (
				en,
				Base,
			);
			mainGroup = 70E784FA1A9D624E00FCB738;
			productRefGroup = 70E785041A9D624E00FCB738 /* Products */;
			projectDirPath = "";
			projectRoot = "";
			targets = (
				70E785021A9D624E00FCB738 /* LocalNotificationTutorial */,
				70E785171A9D624E00FCB738 /* LocalNotificationTutorialTests */,
			);
		};
/* End PBXProject section */

/* Begin PBXResourcesBuildPhase section */
		70E785011A9D624E00FCB738 /* Resources */ = {
			isa = PBXResourcesBuildPhase;
			buildActionMask = 2147483647;
			files = (
				70E7850E1A9D624E00FCB738 /* Main.storyboard in Resources */,
				70E785131A9D624E00FCB738 /* LaunchScreen.xib in Resources */,
				70E785101A9D624E00FCB738 /* Images.xcassets in Resources */,
			);
			runOnlyForDeploymentPostprocessing = 0;
		};
		70E785161A9D624E00FCB738 /* Resources */ = {
			isa = PBXResourcesBuildPhase;
			buildActionMask = 2147483647;
			files = (
			);
			runOnlyForDeploymentPostprocessing = 0;
		};
/* End PBXResourcesBuildPhase section */

/* Begin PBXSourcesBuildPhase section */
		70E784FF1A9D624E00FCB738 /* Sources */ = {
			isa = PBXSourcesBuildPhase;
			buildActionMask = 2147483647;
			files = (
				70E7850B1A9D624E00FCB738 /* ViewController.swift in Sources */,
				70E785091A9D624E00FCB738 /* AppDelegate.swift in Sources */,
			);
			runOnlyForDeploymentPostprocessing = 0;
		};
		70E785141A9D624E00FCB738 /* Sources */ = {
			isa = PBXSourcesBuildPhase;
			buildActionMask = 2147483647;
			files = (
				70E7851F1A9D624E00FCB738 /* LocalNotificationTutorialTests.swift in Sources */,
			);
			runOnlyForDeploymentPostprocessing = 0;
		};
/* End PBXSourcesBuildPhase section */

/* Begin PBXTargetDependency section */
		70E7851A1A9D624E00FCB738 /* PBXTargetDependency */ = {
			isa = PBXTargetDependency;
			target = 70E785021A9D624E00FCB738 /* LocalNotificationTutorial */;
			targetProxy = 70E785191A9D624E00FCB738 /* PBXContainerItemProxy */;
		};
/* End PBXTargetDependency section */

/* Begin PBXVariantGroup section */
		70E7850C1A9D624E00FCB738 /* Main.storyboard */ = {
			isa = PBXVariantGroup;
			children = (
				70E7850D1A9D624E00FCB738 /* Base */,
			);
			name = Main.storyboard;
			sourceTree = "<group>";
		};
		70E785111A9D624E00FCB738 /* LaunchScreen.xib */ = {
			isa = PBXVariantGroup;
			children = (
				70E785121A9D624E00FCB738 /* Base */,
			);
			name = LaunchScreen.xib;
			sourceTree = "<group>";
		};
/* End PBXVariantGroup section */

/* Begin XCBuildConfiguration section */
		70E785201A9D624E00FCB738 /* Debug */ = {
			isa = XCBuildConfiguration;
			buildSettings = {
				ALWAYS_SEARCH_USER_PATHS = NO;
				CLANG_CXX_LANGUAGE_STANDARD = "gnu++0x";
				CLANG_CXX_LIBRARY = "libc++";
				CLANG_ENABLE_MODULES = YES;
				CLANG_ENABLE_OBJC_ARC = YES;
				CLANG_WARN_BOOL_CONVERSION = YES;
				CLANG_WARN_CONSTANT_CONVERSION = YES;
				CLANG_WARN_DIRECT_OBJC_ISA_USAGE = YES_ERROR;
				CLANG_WARN_EMPTY_BODY = YES;
				CLANG_WARN_ENUM_CONVERSION = YES;
				CLANG_WARN_INT_CONVERSION = YES;
				CLANG_WARN_OBJC_ROOT_CLASS = YES_ERROR;
				CLANG_WARN_UNREACHABLE_CODE = YES;
				CLANG_WARN__DUPLICATE_METHOD_MATCH = YES;
				"CODE_SIGN_IDENTITY[sdk=iphoneos*]" = "iPhone Developer";
				COPY_PHASE_STRIP = NO;
				DEBUG_INFORMATION_FORMAT = dwarf;
				ENABLE_STRICT_OBJC_MSGSEND = YES;
				GCC_C_LANGUAGE_STANDARD = gnu99;
				GCC_DYNAMIC_NO_PIC = NO;
				GCC_OPTIMIZATION_LEVEL = 0;
				GCC_PREPROCESSOR_DEFINITIONS = (
					"DEBUG=1",
					"$(inherited)",
				);
				GCC_SYMBOLS_PRIVATE_EXTERN = NO;
				GCC_WARN_64_TO_32_BIT_CONVERSION = YES;
				GCC_WARN_ABOUT_RETURN_TYPE = YES_ERROR;
				GCC_WARN_UNDECLARED_SELECTOR = YES;
				GCC_WARN_UNINITIALIZED_AUTOS = YES_AGGRESSIVE;
				GCC_WARN_UNUSED_FUNCTION = YES;
				GCC_WARN_UNUSED_VARIABLE = YES;
				IPHONEOS_DEPLOYMENT_TARGET = 8.3;
				MTL_ENABLE_DEBUG_INFO = YES;
				ONLY_ACTIVE_ARCH = YES;
				SDKROOT = iphoneos;
				SWIFT_OPTIMIZATION_LEVEL = "-Onone";
			};
			name = Debug;
		};
		70E785211A9D624E00FCB738 /* Release */ = {
			isa = XCBuildConfiguration;
			buildSettings = {
				ALWAYS_SEARCH_USER_PATHS = NO;
				CLANG_CXX_LANGUAGE_STANDARD = "gnu++0x";
				CLANG_CXX_LIBRARY = "libc++";
				CLANG_ENABLE_MODULES = YES;
				CLANG_ENABLE_OBJC_ARC = YES;
				CLANG_WARN_BOOL_CONVERSION = YES;
				CLANG_WARN_CONSTANT_CONVERSION = YES;
				CLANG_WARN_DIRECT_OBJC_ISA_USAGE = YES_ERROR;
				CLANG_WARN_EMPTY_BODY = YES;
				CLANG_WARN_ENUM_CONVERSION = YES;
				CLANG_WARN_INT_CONVERSION = YES;
				CLANG_WARN_OBJC_ROOT_CLASS = YES_ERROR;
				CLANG_WARN_UNREACHABLE_CODE = YES;
				CLANG_WARN__DUPLICATE_METHOD_MATCH = YES;
				"CODE_SIGN_IDENTITY[sdk=iphoneos*]" = "iPhone Developer";
				COPY_PHASE_STRIP = NO;
				DEBUG_INFORMATION_FORMAT = "dwarf-with-dsym";
				ENABLE_NS_ASSERTIONS = NO;
				ENABLE_STRICT_OBJC_MSGSEND = YES;
				GCC_C_LANGUAGE_STANDARD = gnu99;
				GCC_WARN_64_TO_32_BIT_CONVERSION = YES;
				GCC_WARN_ABOUT_RETURN_TYPE = YES_ERROR;
				GCC_WARN_UNDECLARED_SELECTOR = YES;
				GCC_WARN_UNINITIALIZED_AUTOS = YES_AGGRESSIVE;
				GCC_WARN_UNUSED_FUNCTION = YES;
				GCC_WARN_UNUSED_VARIABLE = YES;
				IPHONEOS_DEPLOYMENT_TARGET = 8.3;
				MTL_ENABLE_DEBUG_INFO = NO;
				SDKROOT = iphoneos;
				VALIDATE_PRODUCT = YES;
			};
			name = Release;
		};
		70E785231A9D624E00FCB738 /* Debug */ = {
			isa = XCBuildConfiguration;
			buildSettings = {
				ASSETCATALOG_COMPILER_APPICON_NAME = AppIcon;
				INFOPLIST_FILE = LocalNotificationTutorial/Info.plist;
				IPHONEOS_DEPLOYMENT_TARGET = 8.1;
				LD_RUNPATH_SEARCH_PATHS = "$(inherited) @executable_path/Frameworks";
				PRODUCT_NAME = "$(TARGET_NAME)";
			};
			name = Debug;
		};
		70E785241A9D624E00FCB738 /* Release */ = {
			isa = XCBuildConfiguration;
			buildSettings = {
				ASSETCATALOG_COMPILER_APPICON_NAME = AppIcon;
				INFOPLIST_FILE = LocalNotificationTutorial/Info.plist;
				IPHONEOS_DEPLOYMENT_TARGET = 8.1;
				LD_RUNPATH_SEARCH_PATHS = "$(inherited) @executable_path/Frameworks";
				PRODUCT_NAME = "$(TARGET_NAME)";
			};
			name = Release;
		};
		70E785261A9D624E00FCB738 /* Debug */ = {
			isa = XCBuildConfiguration;
			buildSettings = {
				BUNDLE_LOADER = "$(TEST_HOST)";
				FRAMEWORK_SEARCH_PATHS = (
					"$(SDKROOT)/Developer/Library/Frameworks",
					"$(inherited)",
				);
				GCC_PREPROCESSOR_DEFINITIONS = (
					"DEBUG=1",
					"$(inherited)",
				);
				INFOPLIST_FILE = LocalNotificationTutorialTests/Info.plist;
				LD_RUNPATH_SEARCH_PATHS = "$(inherited) @executable_path/Frameworks @loader_path/Frameworks";
				PRODUCT_NAME = "$(TARGET_NAME)";
				TEST_HOST = "$(BUILT_PRODUCTS_DIR)/LocalNotificationTutorial.app/LocalNotificationTutorial";
			};
			name = Debug;
		};
		70E785271A9D624E00FCB738 /* Release */ = {
			isa = XCBuildConfiguration;
			buildSettings = {
				BUNDLE_LOADER = "$(TEST_HOST)";
				FRAMEWORK_SEARCH_PATHS = (
					"$(SDKROOT)/Developer/Library/Frameworks",
					"$(inherited)",
				);
				INFOPLIST_FILE = LocalNotificationTutorialTests/Info.plist;
				LD_RUNPATH_SEARCH_PATHS = "$(inherited) @executable_path/Frameworks @loader_path/Frameworks";
				PRODUCT_NAME = "$(TARGET_NAME)";
				TEST_HOST = "$(BUILT_PRODUCTS_DIR)/LocalNotificationTutorial.app/LocalNotificationTutorial";
			};
			name = Release;
		};
/* End XCBuildConfiguration section */

/* Begin XCConfigurationList section */
		70E784FE1A9D624E00FCB738 /* Build configuration list for PBXProject "LocalNotificationTutorial" */ = {
			isa = XCConfigurationList;
			buildConfigurations = (
				70E785201A9D624E00FCB738 /* Debug */,
				70E785211A9D624E00FCB738 /* Release */,
			);
			defaultConfigurationIsVisible = 0;
			defaultConfigurationName = Release;
		};
		70E785221A9D624E00FCB738 /* Build configuration list for PBXNativeTarget "LocalNotificationTutorial" */ = {
			isa = XCConfigurationList;
			buildConfigurations = (
				70E785231A9D624E00FCB738 /* Debug */,
				70E785241A9D624E00FCB738 /* Release */,
			);
			defaultConfigurationIsVisible = 0;
		};
		70E785251A9D624E00FCB738 /* Build configuration list for PBXNativeTarget "LocalNotificationTutorialTests" */ = {
			isa = XCConfigurationList;
			buildConfigurations = (
				70E785261A9D624E00FCB738 /* Debug */,
				70E785271A9D624E00FCB738 /* Release */,
			);
			defaultConfigurationIsVisible = 0;
		};
/* End XCConfigurationList section */
	};
	rootObject = 70E784FB1A9D624E00FCB738 /* Project object */;
}
