// !$*UTF8*$!
{
	archiveVersion = 1;
	classes = {
	};
	objectVersion = 46;
	objects = {

/* Begin PBXBuildFile section */
		704D1ED11A0CA420004A0004 /* CreateNewPostVC.m in Sources */ = {isa = PBXBuildFile; fileRef = 704D1ED01A0CA420004A0004 /* CreateNewPostVC.m */; };
		706565AD19F31866001633AA /* main.m in Sources */ = {isa = PBXBuildFile; fileRef = 706565AC19F31866001633AA /* main.m */; };
		706565B019F31866001633AA /* AppDelegate.m in Sources */ = {isa = PBXBuildFile; fileRef = 706565AF19F31866001633AA /* AppDelegate.m */; };
		706565B919F31866001633AA /* Main.storyboard in Resources */ = {isa = PBXBuildFile; fileRef = 706565B719F31866001633AA /* Main.storyboard */; };
		706565BB19F31866001633AA /* Images.xcassets in Resources */ = {isa = PBXBuildFile; fileRef = 706565BA19F31866001633AA /* Images.xcassets */; };
		706565BE19F31866001633AA /* LaunchScreen.xib in Resources */ = {isa = PBXBuildFile; fileRef = 706565BC19F31866001633AA /* LaunchScreen.xib */; };
		706565CA19F31866001633AA /* Social_NetworkTests.m in Sources */ = {isa = PBXBuildFile; fileRef = 706565C919F31866001633AA /* Social_NetworkTests.m */; };
		706565D519F3192D001633AA /* 53-house.png in Resources */ = {isa = PBXBuildFile; fileRef = 706565D319F3192D001633AA /* 53-house.png */; };
		706565D619F3192D001633AA /* 111-user.png in Resources */ = {isa = PBXBuildFile; fileRef = 706565D419F3192D001633AA /* 111-user.png */; };
		7065661119F32249001633AA /* Data Model.xcdatamodeld in Sources */ = {isa = PBXBuildFile; fileRef = 7065660F19F32249001633AA /* Data Model.xcdatamodeld */; };
		70753B7D19F42AAF007E3046 /* AmazonFetcher.m in Sources */ = {isa = PBXBuildFile; fileRef = 70753B7C19F42AAF007E3046 /* AmazonFetcher.m */; };
		70753BAD19F44F3A007E3046 /* CoreDataTVC.m in Sources */ = {isa = PBXBuildFile; fileRef = 70753BAC19F44F3A007E3046 /* CoreDataTVC.m */; };
		70753BB319F459DB007E3046 /* Post+Database.m in Sources */ = {isa = PBXBuildFile; fileRef = 70753BB219F459DB007E3046 /* Post+Database.m */; };
		70753BB619F45B1E007E3046 /* Post.m in Sources */ = {isa = PBXBuildFile; fileRef = 70753BB519F45B1E007E3046 /* Post.m */; };
		70753BB919F463CF007E3046 /* PostTVC.m in Sources */ = {isa = PBXBuildFile; fileRef = 70753BB819F463CF007E3046 /* PostTVC.m */; };
		70753BBC19F46435007E3046 /* PostCell.m in Sources */ = {isa = PBXBuildFile; fileRef = 70753BBB19F46435007E3046 /* PostCell.m */; };
		70753BBF19F4772E007E3046 /* DetailTVC.m in Sources */ = {isa = PBXBuildFile; fileRef = 70753BBE19F4772E007E3046 /* DetailTVC.m */; };
		70753BC319F4A665007E3046 /* DemoPostTVC.m in Sources */ = {isa = PBXBuildFile; fileRef = 70753BC219F4A665007E3046 /* DemoPostTVC.m */; };
		70753BC719F4B862007E3046 /* GTScrollNavigationBar.m in Sources */ = {isa = PBXBuildFile; fileRef = 70753BC619F4B862007E3046 /* GTScrollNavigationBar.m */; };
/* End PBXBuildFile section */

/* Begin PBXContainerItemProxy section */
		706565C419F31866001633AA /* PBXContainerItemProxy */ = {
			isa = PBXContainerItemProxy;
			containerPortal = 7065659F19F31866001633AA /* Project object */;
			proxyType = 1;
			remoteGlobalIDString = 706565A619F31866001633AA;
			remoteInfo = "Social Network";
		};
/* End PBXContainerItemProxy section */

/* Begin PBXFileReference section */
		704D1ECF1A0CA420004A0004 /* CreateNewPostVC.h */ = {isa = PBXFileReference; fileEncoding = 4; lastKnownFileType = sourcecode.c.h; path = CreateNewPostVC.h; sourceTree = "<group>"; };
		704D1ED01A0CA420004A0004 /* CreateNewPostVC.m */ = {isa = PBXFileReference; fileEncoding = 4; lastKnownFileType = sourcecode.c.objc; path = CreateNewPostVC.m; sourceTree = "<group>"; };
		704D1ED21A0EB8F6004A0004 /* Data Model 2.xcdatamodel */ = {isa = PBXFileReference; lastKnownFileType = wrapper.xcdatamodel; path = "Data Model 2.xcdatamodel"; sourceTree = "<group>"; };
		706565A719F31866001633AA /* Social Network.app */ = {isa = PBXFileReference; explicitFileType = wrapper.application; includeInIndex = 0; path = "Social Network.app"; sourceTree = BUILT_PRODUCTS_DIR; };
		706565AB19F31866001633AA /* Info.plist */ = {isa = PBXFileReference; lastKnownFileType = text.plist.xml; path = Info.plist; sourceTree = "<group>"; };
		706565AC19F31866001633AA /* main.m */ = {isa = PBXFileReference; lastKnownFileType = sourcecode.c.objc; path = main.m; sourceTree = "<group>"; };
		706565AE19F31866001633AA /* AppDelegate.h */ = {isa = PBXFileReference; lastKnownFileType = sourcecode.c.h; path = AppDelegate.h; sourceTree = "<group>"; };
		706565AF19F31866001633AA /* AppDelegate.m */ = {isa = PBXFileReference; lastKnownFileType = sourcecode.c.objc; path = AppDelegate.m; sourceTree = "<group>"; };
		706565B819F31866001633AA /* Base */ = {isa = PBXFileReference; lastKnownFileType = file.storyboard; name = Base; path = Base.lproj/Main.storyboard; sourceTree = "<group>"; };
		706565BA19F31866001633AA /* Images.xcassets */ = {isa = PBXFileReference; lastKnownFileType = folder.assetcatalog; path = Images.xcassets; sourceTree = "<group>"; };
		706565BD19F31866001633AA /* Base */ = {isa = PBXFileReference; lastKnownFileType = file.xib; name = Base; path = Base.lproj/LaunchScreen.xib; sourceTree = "<group>"; };
		706565C319F31866001633AA /* Social NetworkTests.xctest */ = {isa = PBXFileReference; explicitFileType = wrapper.cfbundle; includeInIndex = 0; path = "Social NetworkTests.xctest"; sourceTree = BUILT_PRODUCTS_DIR; };
		706565C819F31866001633AA /* Info.plist */ = {isa = PBXFileReference; lastKnownFileType = text.plist.xml; path = Info.plist; sourceTree = "<group>"; };
		706565C919F31866001633AA /* Social_NetworkTests.m */ = {isa = PBXFileReference; lastKnownFileType = sourcecode.c.objc; path = Social_NetworkTests.m; sourceTree = "<group>"; };
		706565D319F3192D001633AA /* 53-house.png */ = {isa = PBXFileReference; lastKnownFileType = image.png; path = "53-house.png"; sourceTree = "<group>"; };
		706565D419F3192D001633AA /* 111-user.png */ = {isa = PBXFileReference; lastKnownFileType = image.png; path = "111-user.png"; sourceTree = "<group>"; };
		7065661019F32249001633AA /* Data Model.xcdatamodel */ = {isa = PBXFileReference; lastKnownFileType = wrapper.xcdatamodel; path = "Data Model.xcdatamodel"; sourceTree = "<group>"; };
		70753B7B19F42AAF007E3046 /* AmazonFetcher.h */ = {isa = PBXFileReference; fileEncoding = 4; lastKnownFileType = sourcecode.c.h; path = AmazonFetcher.h; sourceTree = "<group>"; };
		70753B7C19F42AAF007E3046 /* AmazonFetcher.m */ = {isa = PBXFileReference; fileEncoding = 4; lastKnownFileType = sourcecode.c.objc; path = AmazonFetcher.m; sourceTree = "<group>"; };
		70753BAB19F44F3A007E3046 /* CoreDataTVC.h */ = {isa = PBXFileReference; fileEncoding = 4; lastKnownFileType = sourcecode.c.h; path = CoreDataTVC.h; sourceTree = "<group>"; };
		70753BAC19F44F3A007E3046 /* CoreDataTVC.m */ = {isa = PBXFileReference; fileEncoding = 4; lastKnownFileType = sourcecode.c.objc; path = CoreDataTVC.m; sourceTree = "<group>"; };
		70753BB119F459DB007E3046 /* Post+Database.h */ = {isa = PBXFileReference; fileEncoding = 4; lastKnownFileType = sourcecode.c.h; path = "Post+Database.h"; sourceTree = "<group>"; };
		70753BB219F459DB007E3046 /* Post+Database.m */ = {isa = PBXFileReference; fileEncoding = 4; lastKnownFileType = sourcecode.c.objc; path = "Post+Database.m"; sourceTree = "<group>"; };
		70753BB419F45B1E007E3046 /* Post.h */ = {isa = PBXFileReference; fileEncoding = 4; lastKnownFileType = sourcecode.c.h; path = Post.h; sourceTree = "<group>"; };
		70753BB519F45B1E007E3046 /* Post.m */ = {isa = PBXFileReference; fileEncoding = 4; lastKnownFileType = sourcecode.c.objc; path = Post.m; sourceTree = "<group>"; };
		70753BB719F463CF007E3046 /* PostTVC.h */ = {isa = PBXFileReference; fileEncoding = 4; lastKnownFileType = sourcecode.c.h; path = PostTVC.h; sourceTree = "<group>"; };
		70753BB819F463CF007E3046 /* PostTVC.m */ = {isa = PBXFileReference; fileEncoding = 4; lastKnownFileType = sourcecode.c.objc; path = PostTVC.m; sourceTree = "<group>"; };
		70753BBA19F46435007E3046 /* PostCell.h */ = {isa = PBXFileReference; fileEncoding = 4; lastKnownFileType = sourcecode.c.h; path = PostCell.h; sourceTree = "<group>"; };
		70753BBB19F46435007E3046 /* PostCell.m */ = {isa = PBXFileReference; fileEncoding = 4; lastKnownFileType = sourcecode.c.objc; path = PostCell.m; sourceTree = "<group>"; };
		70753BBD19F4772E007E3046 /* DetailTVC.h */ = {isa = PBXFileReference; fileEncoding = 4; lastKnownFileType = sourcecode.c.h; path = DetailTVC.h; sourceTree = "<group>"; };
		70753BBE19F4772E007E3046 /* DetailTVC.m */ = {isa = PBXFileReference; fileEncoding = 4; lastKnownFileType = sourcecode.c.objc; path = DetailTVC.m; sourceTree = "<group>"; };
		70753BC119F4A665007E3046 /* DemoPostTVC.h */ = {isa = PBXFileReference; fileEncoding = 4; lastKnownFileType = sourcecode.c.h; path = DemoPostTVC.h; sourceTree = "<group>"; };
		70753BC219F4A665007E3046 /* DemoPostTVC.m */ = {isa = PBXFileReference; fileEncoding = 4; lastKnownFileType = sourcecode.c.objc; path = DemoPostTVC.m; sourceTree = "<group>"; };
		70753BC519F4B862007E3046 /* GTScrollNavigationBar.h */ = {isa = PBXFileReference; fileEncoding = 4; lastKnownFileType = sourcecode.c.h; path = GTScrollNavigationBar.h; sourceTree = "<group>"; };
		70753BC619F4B862007E3046 /* GTScrollNavigationBar.m */ = {isa = PBXFileReference; fileEncoding = 4; lastKnownFileType = sourcecode.c.objc; path = GTScrollNavigationBar.m; sourceTree = "<group>"; };
/* End PBXFileReference section */

/* Begin PBXFrameworksBuildPhase section */
		706565A419F31866001633AA /* Frameworks */ = {
			isa = PBXFrameworksBuildPhase;
			buildActionMask = 2147483647;
			files = (
			);
			runOnlyForDeploymentPostprocessing = 0;
		};
		706565C019F31866001633AA /* Frameworks */ = {
			isa = PBXFrameworksBuildPhase;
			buildActionMask = 2147483647;
			files = (
			);
			runOnlyForDeploymentPostprocessing = 0;
		};
/* End PBXFrameworksBuildPhase section */

/* Begin PBXGroup section */
		700F26971A180EE3007E2338 /* PostTVC */ = {
			isa = PBXGroup;
			children = (
				70753BB719F463CF007E3046 /* PostTVC.h */,
				70753BB819F463CF007E3046 /* PostTVC.m */,
				70753BC119F4A665007E3046 /* DemoPostTVC.h */,
				70753BC219F4A665007E3046 /* DemoPostTVC.m */,
			);
			name = PostTVC;
			sourceTree = "<group>";
		};
		7065659E19F31866001633AA = {
			isa = PBXGroup;
			children = (
				706565A919F31866001633AA /* Social Network */,
				706565C619F31866001633AA /* Social NetworkTests */,
				706565A819F31866001633AA /* Products */,
			);
			sourceTree = "<group>";
		};
		706565A819F31866001633AA /* Products */ = {
			isa = PBXGroup;
			children = (
				706565A719F31866001633AA /* Social Network.app */,
				706565C319F31866001633AA /* Social NetworkTests.xctest */,
			);
			name = Products;
			sourceTree = "<group>";
		};
		706565A919F31866001633AA /* Social Network */ = {
			isa = PBXGroup;
			children = (
				706565AE19F31866001633AA /* AppDelegate.h */,
				706565AF19F31866001633AA /* AppDelegate.m */,
				70753BC019F4773E007E3046 /* Home */,
				704D1ECF1A0CA420004A0004 /* CreateNewPostVC.h */,
				704D1ED01A0CA420004A0004 /* CreateNewPostVC.m */,
				706565B719F31866001633AA /* Main.storyboard */,
				70753BAA19F44B6F007E3046 /* Core Data */,
				70753B7B19F42AAF007E3046 /* AmazonFetcher.h */,
				70753B7C19F42AAF007E3046 /* AmazonFetcher.m */,
				706565BA19F31866001633AA /* Images.xcassets */,
				706565BC19F31866001633AA /* LaunchScreen.xib */,
				706565D719F31931001633AA /* Images */,
				706565AA19F31866001633AA /* Supporting Files */,
			);
			path = "Social Network";
			sourceTree = "<group>";
		};
		706565AA19F31866001633AA /* Supporting Files */ = {
			isa = PBXGroup;
			children = (
				70753BC419F4B862007E3046 /* GTScrollNavigationBar */,
				706565AB19F31866001633AA /* Info.plist */,
				706565AC19F31866001633AA /* main.m */,
			);
			name = "Supporting Files";
			sourceTree = "<group>";
		};
		706565C619F31866001633AA /* Social NetworkTests */ = {
			isa = PBXGroup;
			children = (
				706565C919F31866001633AA /* Social_NetworkTests.m */,
				706565C719F31866001633AA /* Supporting Files */,
			);
			path = "Social NetworkTests";
			sourceTree = "<group>";
		};
		706565C719F31866001633AA /* Supporting Files */ = {
			isa = PBXGroup;
			children = (
				706565C819F31866001633AA /* Info.plist */,
			);
			name = "Supporting Files";
			sourceTree = "<group>";
		};
		706565D719F31931001633AA /* Images */ = {
			isa = PBXGroup;
			children = (
				706565D319F3192D001633AA /* 53-house.png */,
				706565D419F3192D001633AA /* 111-user.png */,
			);
			name = Images;
			sourceTree = "<group>";
		};
		70753BAA19F44B6F007E3046 /* Core Data */ = {
			isa = PBXGroup;
			children = (
				7065660F19F32249001633AA /* Data Model.xcdatamodeld */,
				70753BB419F45B1E007E3046 /* Post.h */,
				70753BB519F45B1E007E3046 /* Post.m */,
				70753BB119F459DB007E3046 /* Post+Database.h */,
				70753BB219F459DB007E3046 /* Post+Database.m */,
				70753BAB19F44F3A007E3046 /* CoreDataTVC.h */,
				70753BAC19F44F3A007E3046 /* CoreDataTVC.m */,
			);
			name = "Core Data";
			sourceTree = "<group>";
		};
		70753BC019F4773E007E3046 /* Home */ = {
			isa = PBXGroup;
			children = (
				700F26971A180EE3007E2338 /* PostTVC */,
				70753BBA19F46435007E3046 /* PostCell.h */,
				70753BBB19F46435007E3046 /* PostCell.m */,
				70753BBD19F4772E007E3046 /* DetailTVC.h */,
				70753BBE19F4772E007E3046 /* DetailTVC.m */,
			);
			name = Home;
			sourceTree = "<group>";
		};
		70753BC419F4B862007E3046 /* GTScrollNavigationBar */ = {
			isa = PBXGroup;
			children = (
				70753BC519F4B862007E3046 /* GTScrollNavigationBar.h */,
				70753BC619F4B862007E3046 /* GTScrollNavigationBar.m */,
			);
			path = GTScrollNavigationBar;
			sourceTree = "<group>";
		};
/* End PBXGroup section */

/* Begin PBXNativeTarget section */
		706565A619F31866001633AA /* Social Network */ = {
			isa = PBXNativeTarget;
			buildConfigurationList = 706565CD19F31866001633AA /* Build configuration list for PBXNativeTarget "Social Network" */;
			buildPhases = (
				706565A319F31866001633AA /* Sources */,
				706565A419F31866001633AA /* Frameworks */,
				706565A519F31866001633AA /* Resources */,
			);
			buildRules = (
			);
			dependencies = (
			);
			name = "Social Network";
			productName = "Social Network";
			productReference = 706565A719F31866001633AA /* Social Network.app */;
			productType = "com.apple.product-type.application";
		};
		706565C219F31866001633AA /* Social NetworkTests */ = {
			isa = PBXNativeTarget;
			buildConfigurationList = 706565D019F31866001633AA /* Build configuration list for PBXNativeTarget "Social NetworkTests" */;
			buildPhases = (
				706565BF19F31866001633AA /* Sources */,
				706565C019F31866001633AA /* Frameworks */,
				706565C119F31866001633AA /* Resources */,
			);
			buildRules = (
			);
			dependencies = (
				706565C519F31866001633AA /* PBXTargetDependency */,
			);
			name = "Social NetworkTests";
			productName = "Social NetworkTests";
			productReference = 706565C319F31866001633AA /* Social NetworkTests.xctest */;
			productType = "com.apple.product-type.bundle.unit-test";
		};
/* End PBXNativeTarget section */

/* Begin PBXProject section */
		7065659F19F31866001633AA /* Project object */ = {
			isa = PBXProject;
			attributes = {
				LastUpgradeCheck = 0600;
				ORGANIZATIONNAME = "Genesis Apps, LLC";
				TargetAttributes = {
					706565A619F31866001633AA = {
						CreatedOnToolsVersion = 6.0.1;
					};
					706565C219F31866001633AA = {
						CreatedOnToolsVersion = 6.0.1;
						TestTargetID = 706565A619F31866001633AA;
					};
				};
			};
			buildConfigurationList = 706565A219F31866001633AA /* Build configuration list for PBXProject "Social Network" */;
			compatibilityVersion = "Xcode 3.2";
			developmentRegion = English;
			hasScannedForEncodings = 0;
			knownRegions = (
				en,
				Base,
			);
			mainGroup = 7065659E19F31866001633AA;
			productRefGroup = 706565A819F31866001633AA /* Products */;
			projectDirPath = "";
			projectRoot = "";
			targets = (
				706565A619F31866001633AA /* Social Network */,
				706565C219F31866001633AA /* Social NetworkTests */,
			);
		};
/* End PBXProject section */

/* Begin PBXResourcesBuildPhase section */
		706565A519F31866001633AA /* Resources */ = {
			isa = PBXResourcesBuildPhase;
			buildActionMask = 2147483647;
			files = (
				706565D519F3192D001633AA /* 53-house.png in Resources */,
				706565D619F3192D001633AA /* 111-user.png in Resources */,
				706565B919F31866001633AA /* Main.storyboard in Resources */,
				706565BE19F31866001633AA /* LaunchScreen.xib in Resources */,
				706565BB19F31866001633AA /* Images.xcassets in Resources */,
			);
			runOnlyForDeploymentPostprocessing = 0;
		};
		706565C119F31866001633AA /* Resources */ = {
			isa = PBXResourcesBuildPhase;
			buildActionMask = 2147483647;
			files = (
			);
			runOnlyForDeploymentPostprocessing = 0;
		};
/* End PBXResourcesBuildPhase section */

/* Begin PBXSourcesBuildPhase section */
		706565A319F31866001633AA /* Sources */ = {
			isa = PBXSourcesBuildPhase;
			buildActionMask = 2147483647;
			files = (
				70753BB319F459DB007E3046 /* Post+Database.m in Sources */,
				70753BBF19F4772E007E3046 /* DetailTVC.m in Sources */,
				7065661119F32249001633AA /* Data Model.xcdatamodeld in Sources */,
				704D1ED11A0CA420004A0004 /* CreateNewPostVC.m in Sources */,
				70753BB919F463CF007E3046 /* PostTVC.m in Sources */,
				706565B019F31866001633AA /* AppDelegate.m in Sources */,
				70753BC719F4B862007E3046 /* GTScrollNavigationBar.m in Sources */,
				70753BB619F45B1E007E3046 /* Post.m in Sources */,
				706565AD19F31866001633AA /* main.m in Sources */,
				70753BC319F4A665007E3046 /* DemoPostTVC.m in Sources */,
				70753B7D19F42AAF007E3046 /* AmazonFetcher.m in Sources */,
				70753BAD19F44F3A007E3046 /* CoreDataTVC.m in Sources */,
				70753BBC19F46435007E3046 /* PostCell.m in Sources */,
			);
			runOnlyForDeploymentPostprocessing = 0;
		};
		706565BF19F31866001633AA /* Sources */ = {
			isa = PBXSourcesBuildPhase;
			buildActionMask = 2147483647;
			files = (
				706565CA19F31866001633AA /* Social_NetworkTests.m in Sources */,
			);
			runOnlyForDeploymentPostprocessing = 0;
		};
/* End PBXSourcesBuildPhase section */

/* Begin PBXTargetDependency section */
		706565C519F31866001633AA /* PBXTargetDependency */ = {
			isa = PBXTargetDependency;
			target = 706565A619F31866001633AA /* Social Network */;
			targetProxy = 706565C419F31866001633AA /* PBXContainerItemProxy */;
		};
/* End PBXTargetDependency section */

/* Begin PBXVariantGroup section */
		706565B719F31866001633AA /* Main.storyboard */ = {
			isa = PBXVariantGroup;
			children = (
				706565B819F31866001633AA /* Base */,
			);
			name = Main.storyboard;
			sourceTree = "<group>";
		};
		706565BC19F31866001633AA /* LaunchScreen.xib */ = {
			isa = PBXVariantGroup;
			children = (
				706565BD19F31866001633AA /* Base */,
			);
			name = LaunchScreen.xib;
			sourceTree = "<group>";
		};
/* End PBXVariantGroup section */

/* Begin XCBuildConfiguration section */
		706565CB19F31866001633AA /* Debug */ = {
			isa = XCBuildConfiguration;
			buildSettings = {
				ALWAYS_SEARCH_USER_PATHS = NO;
				CLANG_CXX_LANGUAGE_STANDARD = "gnu++0x";
				CLANG_CXX_LIBRARY = "libc++";
				CLANG_ENABLE_MODULES = YES;
				CLANG_ENABLE_OBJC_ARC = YES;
				CLANG_WARN_BOOL_CONVERSION = YES;
				CLANG_WARN_CONSTANT_CONVERSION = YES;
				CLANG_WARN_DIRECT_OBJC_ISA_USAGE = YES_ERROR;
				CLANG_WARN_EMPTY_BODY = YES;
				CLANG_WARN_ENUM_CONVERSION = YES;
				CLANG_WARN_INT_CONVERSION = YES;
				CLANG_WARN_OBJC_ROOT_CLASS = YES_ERROR;
				CLANG_WARN_UNREACHABLE_CODE = YES;
				CLANG_WARN__DUPLICATE_METHOD_MATCH = YES;
				"CODE_SIGN_IDENTITY[sdk=iphoneos*]" = "iPhone Developer";
				COPY_PHASE_STRIP = NO;
				ENABLE_STRICT_OBJC_MSGSEND = YES;
				GCC_C_LANGUAGE_STANDARD = gnu99;
				GCC_DYNAMIC_NO_PIC = NO;
				GCC_OPTIMIZATION_LEVEL = 0;
				GCC_PREPROCESSOR_DEFINITIONS = (
					"DEBUG=1",
					"$(inherited)",
				);
				GCC_SYMBOLS_PRIVATE_EXTERN = NO;
				GCC_WARN_64_TO_32_BIT_CONVERSION = YES;
				GCC_WARN_ABOUT_RETURN_TYPE = YES_ERROR;
				GCC_WARN_UNDECLARED_SELECTOR = YES;
				GCC_WARN_UNINITIALIZED_AUTOS = YES_AGGRESSIVE;
				GCC_WARN_UNUSED_FUNCTION = YES;
				GCC_WARN_UNUSED_VARIABLE = YES;
				IPHONEOS_DEPLOYMENT_TARGET = 8.0;
				MTL_ENABLE_DEBUG_INFO = YES;
				ONLY_ACTIVE_ARCH = YES;
				SDKROOT = iphoneos;
			};
			name = Debug;
		};
		706565CC19F31866001633AA /* Release */ = {
			isa = XCBuildConfiguration;
			buildSettings = {
				ALWAYS_SEARCH_USER_PATHS = NO;
				CLANG_CXX_LANGUAGE_STANDARD = "gnu++0x";
				CLANG_CXX_LIBRARY = "libc++";
				CLANG_ENABLE_MODULES = YES;
				CLANG_ENABLE_OBJC_ARC = YES;
				CLANG_WARN_BOOL_CONVERSION = YES;
				CLANG_WARN_CONSTANT_CONVERSION = YES;
				CLANG_WARN_DIRECT_OBJC_ISA_USAGE = YES_ERROR;
				CLANG_WARN_EMPTY_BODY = YES;
				CLANG_WARN_ENUM_CONVERSION = YES;
				CLANG_WARN_INT_CONVERSION = YES;
				CLANG_WARN_OBJC_ROOT_CLASS = YES_ERROR;
				CLANG_WARN_UNREACHABLE_CODE = YES;
				CLANG_WARN__DUPLICATE_METHOD_MATCH = YES;
				"CODE_SIGN_IDENTITY[sdk=iphoneos*]" = "iPhone Developer";
				COPY_PHASE_STRIP = YES;
				ENABLE_NS_ASSERTIONS = NO;
				ENABLE_STRICT_OBJC_MSGSEND = YES;
				GCC_C_LANGUAGE_STANDARD = gnu99;
				GCC_WARN_64_TO_32_BIT_CONVERSION = YES;
				GCC_WARN_ABOUT_RETURN_TYPE = YES_ERROR;
				GCC_WARN_UNDECLARED_SELECTOR = YES;
				GCC_WARN_UNINITIALIZED_AUTOS = YES_AGGRESSIVE;
				GCC_WARN_UNUSED_FUNCTION = YES;
				GCC_WARN_UNUSED_VARIABLE = YES;
				IPHONEOS_DEPLOYMENT_TARGET = 8.0;
				MTL_ENABLE_DEBUG_INFO = NO;
				SDKROOT = iphoneos;
				VALIDATE_PRODUCT = YES;
			};
			name = Release;
		};
		706565CE19F31866001633AA /* Debug */ = {
			isa = XCBuildConfiguration;
			buildSettings = {
				ASSETCATALOG_COMPILER_APPICON_NAME = AppIcon;
				FRAMEWORK_SEARCH_PATHS = "";
				INFOPLIST_FILE = "Social Network/Info.plist";
				LD_RUNPATH_SEARCH_PATHS = "$(inherited) @executable_path/Frameworks";
				OTHER_LDFLAGS = "-ObjC";
				PRODUCT_NAME = "$(TARGET_NAME)";
			};
			name = Debug;
		};
		706565CF19F31866001633AA /* Release */ = {
			isa = XCBuildConfiguration;
			buildSettings = {
				ASSETCATALOG_COMPILER_APPICON_NAME = AppIcon;
				FRAMEWORK_SEARCH_PATHS = "";
				INFOPLIST_FILE = "Social Network/Info.plist";
				LD_RUNPATH_SEARCH_PATHS = "$(inherited) @executable_path/Frameworks";
				OTHER_LDFLAGS = "-ObjC";
				PRODUCT_NAME = "$(TARGET_NAME)";
			};
			name = Release;
		};
		706565D119F31866001633AA /* Debug */ = {
			isa = XCBuildConfiguration;
			buildSettings = {
				BUNDLE_LOADER = "$(TEST_HOST)";
				FRAMEWORK_SEARCH_PATHS = (
					"$(SDKROOT)/Developer/Library/Frameworks",
					"$(inherited)",
				);
				GCC_PREPROCESSOR_DEFINITIONS = (
					"DEBUG=1",
					"$(inherited)",
				);
				INFOPLIST_FILE = "Social NetworkTests/Info.plist";
				LD_RUNPATH_SEARCH_PATHS = "$(inherited) @executable_path/Frameworks @loader_path/Frameworks";
				PRODUCT_NAME = "$(TARGET_NAME)";
				TEST_HOST = "$(BUILT_PRODUCTS_DIR)/Social Network.app/Social Network";
			};
			name = Debug;
		};
		706565D219F31866001633AA /* Release */ = {
			isa = XCBuildConfiguration;
			buildSettings = {
				BUNDLE_LOADER = "$(TEST_HOST)";
				FRAMEWORK_SEARCH_PATHS = (
					"$(SDKROOT)/Developer/Library/Frameworks",
					"$(inherited)",
				);
				INFOPLIST_FILE = "Social NetworkTests/Info.plist";
				LD_RUNPATH_SEARCH_PATHS = "$(inherited) @executable_path/Frameworks @loader_path/Frameworks";
				PRODUCT_NAME = "$(TARGET_NAME)";
				TEST_HOST = "$(BUILT_PRODUCTS_DIR)/Social Network.app/Social Network";
			};
			name = Release;
		};
/* End XCBuildConfiguration section */

/* Begin XCConfigurationList section */
		706565A219F31866001633AA /* Build configuration list for PBXProject "Social Network" */ = {
			isa = XCConfigurationList;
			buildConfigurations = (
				706565CB19F31866001633AA /* Debug */,
				706565CC19F31866001633AA /* Release */,
			);
			defaultConfigurationIsVisible = 0;
			defaultConfigurationName = Release;
		};
		706565CD19F31866001633AA /* Build configuration list for PBXNativeTarget "Social Network" */ = {
			isa = XCConfigurationList;
			buildConfigurations = (
				706565CE19F31866001633AA /* Debug */,
				706565CF19F31866001633AA /* Release */,
			);
			defaultConfigurationIsVisible = 0;
			defaultConfigurationName = Release;
		};
		706565D019F31866001633AA /* Build configuration list for PBXNativeTarget "Social NetworkTests" */ = {
			isa = XCConfigurationList;
			buildConfigurations = (
				706565D119F31866001633AA /* Debug */,
				706565D219F31866001633AA /* Release */,
			);
			defaultConfigurationIsVisible = 0;
			defaultConfigurationName = Release;
		};
/* End XCConfigurationList section */

/* Begin XCVersionGroup section */
		7065660F19F32249001633AA /* Data Model.xcdatamodeld */ = {
			isa = XCVersionGroup;
			children = (
				704D1ED21A0EB8F6004A0004 /* Data Model 2.xcdatamodel */,
				7065661019F32249001633AA /* Data Model.xcdatamodel */,
			);
			currentVersion = 7065661019F32249001633AA /* Data Model.xcdatamodel */;
			path = "Data Model.xcdatamodeld";
			sourceTree = "<group>";
			versionGroupType = wrapper.xcdatamodel;
		};
/* End XCVersionGroup section */
	};
	rootObject = 7065659F19F31866001633AA /* Project object */;
}
