// !$*UTF8*$!
{
	archiveVersion = 1;
	classes = {
	};
	objectVersion = 46;
	objects = {

/* Begin PBXBuildFile section */
		700726321A745AE30032CE17 /* AppDelegate.swift in Sources */ = {isa = PBXBuildFile; fileRef = 700726311A745AE30032CE17 /* AppDelegate.swift */; };
		700726341A745AE30032CE17 /* ViewController.swift in Sources */ = {isa = PBXBuildFile; fileRef = 700726331A745AE30032CE17 /* ViewController.swift */; };
		700726371A745AE30032CE17 /* Main.storyboard in Resources */ = {isa = PBXBuildFile; fileRef = 700726351A745AE30032CE17 /* Main.storyboard */; };
		700726391A745AE30032CE17 /* Images.xcassets in Resources */ = {isa = PBXBuildFile; fileRef = 700726381A745AE30032CE17 /* Images.xcassets */; };
		7007263C1A745AE30032CE17 /* LaunchScreen.xib in Resources */ = {isa = PBXBuildFile; fileRef = 7007263A1A745AE30032CE17 /* LaunchScreen.xib */; };
		700726481A745AE30032CE17 /* Adaptive_Layout_TutorialTests.swift in Sources */ = {isa = PBXBuildFile; fileRef = 700726471A745AE30032CE17 /* Adaptive_Layout_TutorialTests.swift */; };
/* End PBXBuildFile section */

/* Begin PBXContainerItemProxy section */
		700726421A745AE30032CE17 /* PBXContainerItemProxy */ = {
			isa = PBXContainerItemProxy;
			containerPortal = 700726241A745AE30032CE17 /* Project object */;
			proxyType = 1;
			remoteGlobalIDString = 7007262B1A745AE30032CE17;
			remoteInfo = "Adaptive Layout Tutorial";
		};
/* End PBXContainerItemProxy section */

/* Begin PBXFileReference section */
		7007262C1A745AE30032CE17 /* Adaptive Layout Tutorial.app */ = {isa = PBXFileReference; explicitFileType = wrapper.application; includeInIndex = 0; path = "Adaptive Layout Tutorial.app"; sourceTree = BUILT_PRODUCTS_DIR; };
		700726301A745AE30032CE17 /* Info.plist */ = {isa = PBXFileReference; lastKnownFileType = text.plist.xml; path = Info.plist; sourceTree = "<group>"; };
		700726311A745AE30032CE17 /* AppDelegate.swift */ = {isa = PBXFileReference; lastKnownFileType = sourcecode.swift; path = AppDelegate.swift; sourceTree = "<group>"; };
		700726331A745AE30032CE17 /* ViewController.swift */ = {isa = PBXFileReference; lastKnownFileType = sourcecode.swift; path = ViewController.swift; sourceTree = "<group>"; };
		700726361A745AE30032CE17 /* Base */ = {isa = PBXFileReference; lastKnownFileType = file.storyboard; name = Base; path = Base.lproj/Main.storyboard; sourceTree = "<group>"; };
		700726381A745AE30032CE17 /* Images.xcassets */ = {isa = PBXFileReference; lastKnownFileType = folder.assetcatalog; path = Images.xcassets; sourceTree = "<group>"; };
		7007263B1A745AE30032CE17 /* Base */ = {isa = PBXFileReference; lastKnownFileType = file.xib; name = Base; path = Base.lproj/LaunchScreen.xib; sourceTree = "<group>"; };
		700726411A745AE30032CE17 /* Adaptive Layout TutorialTests.xctest */ = {isa = PBXFileReference; explicitFileType = wrapper.cfbundle; includeInIndex = 0; path = "Adaptive Layout TutorialTests.xctest"; sourceTree = BUILT_PRODUCTS_DIR; };
		700726461A745AE30032CE17 /* Info.plist */ = {isa = PBXFileReference; lastKnownFileType = text.plist.xml; path = Info.plist; sourceTree = "<group>"; };
		700726471A745AE30032CE17 /* Adaptive_Layout_TutorialTests.swift */ = {isa = PBXFileReference; lastKnownFileType = sourcecode.swift; path = Adaptive_Layout_TutorialTests.swift; sourceTree = "<group>"; };
/* End PBXFileReference section */

/* Begin PBXFrameworksBuildPhase section */
		700726291A745AE30032CE17 /* Frameworks */ = {
			isa = PBXFrameworksBuildPhase;
			buildActionMask = 2147483647;
			files = (
			);
			runOnlyForDeploymentPostprocessing = 0;
		};
		7007263E1A745AE30032CE17 /* Frameworks */ = {
			isa = PBXFrameworksBuildPhase;
			buildActionMask = 2147483647;
			files = (
			);
			runOnlyForDeploymentPostprocessing = 0;
		};
/* End PBXFrameworksBuildPhase section */

/* Begin PBXGroup section */
		700726231A745AE30032CE17 = {
			isa = PBXGroup;
			children = (
				7007262E1A745AE30032CE17 /* Adaptive Layout Tutorial */,
				700726441A745AE30032CE17 /* Adaptive Layout TutorialTests */,
				7007262D1A745AE30032CE17 /* Products */,
			);
			sourceTree = "<group>";
		};
		7007262D1A745AE30032CE17 /* Products */ = {
			isa = PBXGroup;
			children = (
				7007262C1A745AE30032CE17 /* Adaptive Layout Tutorial.app */,
				700726411A745AE30032CE17 /* Adaptive Layout TutorialTests.xctest */,
			);
			name = Products;
			sourceTree = "<group>";
		};
		7007262E1A745AE30032CE17 /* Adaptive Layout Tutorial */ = {
			isa = PBXGroup;
			children = (
				700726311A745AE30032CE17 /* AppDelegate.swift */,
				700726331A745AE30032CE17 /* ViewController.swift */,
				700726351A745AE30032CE17 /* Main.storyboard */,
				700726381A745AE30032CE17 /* Images.xcassets */,
				7007263A1A745AE30032CE17 /* LaunchScreen.xib */,
				7007262F1A745AE30032CE17 /* Supporting Files */,
			);
			path = "Adaptive Layout Tutorial";
			sourceTree = "<group>";
		};
		7007262F1A745AE30032CE17 /* Supporting Files */ = {
			isa = PBXGroup;
			children = (
				700726301A745AE30032CE17 /* Info.plist */,
			);
			name = "Supporting Files";
			sourceTree = "<group>";
		};
		700726441A745AE30032CE17 /* Adaptive Layout TutorialTests */ = {
			isa = PBXGroup;
			children = (
				700726471A745AE30032CE17 /* Adaptive_Layout_TutorialTests.swift */,
				700726451A745AE30032CE17 /* Supporting Files */,
			);
			path = "Adaptive Layout TutorialTests";
			sourceTree = "<group>";
		};
		700726451A745AE30032CE17 /* Supporting Files */ = {
			isa = PBXGroup;
			children = (
				700726461A745AE30032CE17 /* Info.plist */,
			);
			name = "Supporting Files";
			sourceTree = "<group>";
		};
/* End PBXGroup section */

/* Begin PBXNativeTarget section */
		7007262B1A745AE30032CE17 /* Adaptive Layout Tutorial */ = {
			isa = PBXNativeTarget;
			buildConfigurationList = 7007264B1A745AE30032CE17 /* Build configuration list for PBXNativeTarget "Adaptive Layout Tutorial" */;
			buildPhases = (
				700726281A745AE30032CE17 /* Sources */,
				700726291A745AE30032CE17 /* Frameworks */,
				7007262A1A745AE30032CE17 /* Resources */,
			);
			buildRules = (
			);
			dependencies = (
			);
			name = "Adaptive Layout Tutorial";
			productName = "Adaptive Layout Tutorial";
			productReference = 7007262C1A745AE30032CE17 /* Adaptive Layout Tutorial.app */;
			productType = "com.apple.product-type.application";
		};
		700726401A745AE30032CE17 /* Adaptive Layout TutorialTests */ = {
			isa = PBXNativeTarget;
			buildConfigurationList = 7007264E1A745AE30032CE17 /* Build configuration list for PBXNativeTarget "Adaptive Layout TutorialTests" */;
			buildPhases = (
				7007263D1A745AE30032CE17 /* Sources */,
				7007263E1A745AE30032CE17 /* Frameworks */,
				7007263F1A745AE30032CE17 /* Resources */,
			);
			buildRules = (
			);
			dependencies = (
				700726431A745AE30032CE17 /* PBXTargetDependency */,
			);
			name = "Adaptive Layout TutorialTests";
			productName = "Adaptive Layout TutorialTests";
			productReference = 700726411A745AE30032CE17 /* Adaptive Layout TutorialTests.xctest */;
			productType = "com.apple.product-type.bundle.unit-test";
		};
/* End PBXNativeTarget section */

/* Begin PBXProject section */
		700726241A745AE30032CE17 /* Project object */ = {
			isa = PBXProject;
			attributes = {
				LastUpgradeCheck = 0610;
				ORGANIZATIONNAME = "Genesis Apps, LLC";
				TargetAttributes = {
					7007262B1A745AE30032CE17 = {
						CreatedOnToolsVersion = 6.1.1;
					};
					700726401A745AE30032CE17 = {
						CreatedOnToolsVersion = 6.1.1;
						TestTargetID = 7007262B1A745AE30032CE17;
					};
				};
			};
			buildConfigurationList = 700726271A745AE30032CE17 /* Build configuration list for PBXProject "Adaptive Layout Tutorial" */;
			compatibilityVersion = "Xcode 3.2";
			developmentRegion = English;
			hasScannedForEncodings = 0;
			knownRegions = (
				en,
				Base,
			);
			mainGroup = 700726231A745AE30032CE17;
			productRefGroup = 7007262D1A745AE30032CE17 /* Products */;
			projectDirPath = "";
			projectRoot = "";
			targets = (
				7007262B1A745AE30032CE17 /* Adaptive Layout Tutorial */,
				700726401A745AE30032CE17 /* Adaptive Layout TutorialTests */,
			);
		};
/* End PBXProject section */

/* Begin PBXResourcesBuildPhase section */
		7007262A1A745AE30032CE17 /* Resources */ = {
			isa = PBXResourcesBuildPhase;
			buildActionMask = 2147483647;
			files = (
				700726371A745AE30032CE17 /* Main.storyboard in Resources */,
				7007263C1A745AE30032CE17 /* LaunchScreen.xib in Resources */,
				700726391A745AE30032CE17 /* Images.xcassets in Resources */,
			);
			runOnlyForDeploymentPostprocessing = 0;
		};
		7007263F1A745AE30032CE17 /* Resources */ = {
			isa = PBXResourcesBuildPhase;
			buildActionMask = 2147483647;
			files = (
			);
			runOnlyForDeploymentPostprocessing = 0;
		};
/* End PBXResourcesBuildPhase section */

/* Begin PBXSourcesBuildPhase section */
		700726281A745AE30032CE17 /* Sources */ = {
			isa = PBXSourcesBuildPhase;
			buildActionMask = 2147483647;
			files = (
				700726341A745AE30032CE17 /* ViewController.swift in Sources */,
				700726321A745AE30032CE17 /* AppDelegate.swift in Sources */,
			);
			runOnlyForDeploymentPostprocessing = 0;
		};
		7007263D1A745AE30032CE17 /* Sources */ = {
			isa = PBXSourcesBuildPhase;
			buildActionMask = 2147483647;
			files = (
				700726481A745AE30032CE17 /* Adaptive_Layout_TutorialTests.swift in Sources */,
			);
			runOnlyForDeploymentPostprocessing = 0;
		};
/* End PBXSourcesBuildPhase section */

/* Begin PBXTargetDependency section */
		700726431A745AE30032CE17 /* PBXTargetDependency */ = {
			isa = PBXTargetDependency;
			target = 7007262B1A745AE30032CE17 /* Adaptive Layout Tutorial */;
			targetProxy = 700726421A745AE30032CE17 /* PBXContainerItemProxy */;
		};
/* End PBXTargetDependency section */

/* Begin PBXVariantGroup section */
		700726351A745AE30032CE17 /* Main.storyboard */ = {
			isa = PBXVariantGroup;
			children = (
				700726361A745AE30032CE17 /* Base */,
			);
			name = Main.storyboard;
			sourceTree = "<group>";
		};
		7007263A1A745AE30032CE17 /* LaunchScreen.xib */ = {
			isa = PBXVariantGroup;
			children = (
				7007263B1A745AE30032CE17 /* Base */,
			);
			name = LaunchScreen.xib;
			sourceTree = "<group>";
		};
/* End PBXVariantGroup section */

/* Begin XCBuildConfiguration section */
		700726491A745AE30032CE17 /* Debug */ = {
			isa = XCBuildConfiguration;
			buildSettings = {
				ALWAYS_SEARCH_USER_PATHS = NO;
				CLANG_CXX_LANGUAGE_STANDARD = "gnu++0x";
				CLANG_CXX_LIBRARY = "libc++";
				CLANG_ENABLE_MODULES = YES;
				CLANG_ENABLE_OBJC_ARC = YES;
				CLANG_WARN_BOOL_CONVERSION = YES;
				CLANG_WARN_CONSTANT_CONVERSION = YES;
				CLANG_WARN_DIRECT_OBJC_ISA_USAGE = YES_ERROR;
				CLANG_WARN_EMPTY_BODY = YES;
				CLANG_WARN_ENUM_CONVERSION = YES;
				CLANG_WARN_INT_CONVERSION = YES;
				CLANG_WARN_OBJC_ROOT_CLASS = YES_ERROR;
				CLANG_WARN_UNREACHABLE_CODE = YES;
				CLANG_WARN__DUPLICATE_METHOD_MATCH = YES;
				"CODE_SIGN_IDENTITY[sdk=iphoneos*]" = "iPhone Developer";
				COPY_PHASE_STRIP = NO;
				ENABLE_STRICT_OBJC_MSGSEND = YES;
				GCC_C_LANGUAGE_STANDARD = gnu99;
				GCC_DYNAMIC_NO_PIC = NO;
				GCC_OPTIMIZATION_LEVEL = 0;
				GCC_PREPROCESSOR_DEFINITIONS = (
					"DEBUG=1",
					"$(inherited)",
				);
				GCC_SYMBOLS_PRIVATE_EXTERN = NO;
				GCC_WARN_64_TO_32_BIT_CONVERSION = YES;
				GCC_WARN_ABOUT_RETURN_TYPE = YES_ERROR;
				GCC_WARN_UNDECLARED_SELECTOR = YES;
				GCC_WARN_UNINITIALIZED_AUTOS = YES_AGGRESSIVE;
				GCC_WARN_UNUSED_FUNCTION = YES;
				GCC_WARN_UNUSED_VARIABLE = YES;
				IPHONEOS_DEPLOYMENT_TARGET = 8.1;
				MTL_ENABLE_DEBUG_INFO = YES;
				ONLY_ACTIVE_ARCH = YES;
				SDKROOT = iphoneos;
				SWIFT_OPTIMIZATION_LEVEL = "-Onone";
			};
			name = Debug;
		};
		7007264A1A745AE30032CE17 /* Release */ = {
			isa = XCBuildConfiguration;
			buildSettings = {
				ALWAYS_SEARCH_USER_PATHS = NO;
				CLANG_CXX_LANGUAGE_STANDARD = "gnu++0x";
				CLANG_CXX_LIBRARY = "libc++";
				CLANG_ENABLE_MODULES = YES;
				CLANG_ENABLE_OBJC_ARC = YES;
				CLANG_WARN_BOOL_CONVERSION = YES;
				CLANG_WARN_CONSTANT_CONVERSION = YES;
				CLANG_WARN_DIRECT_OBJC_ISA_USAGE = YES_ERROR;
				CLANG_WARN_EMPTY_BODY = YES;
				CLANG_WARN_ENUM_CONVERSION = YES;
				CLANG_WARN_INT_CONVERSION = YES;
				CLANG_WARN_OBJC_ROOT_CLASS = YES_ERROR;
				CLANG_WARN_UNREACHABLE_CODE = YES;
				CLANG_WARN__DUPLICATE_METHOD_MATCH = YES;
				"CODE_SIGN_IDENTITY[sdk=iphoneos*]" = "iPhone Developer";
				COPY_PHASE_STRIP = YES;
				ENABLE_NS_ASSERTIONS = NO;
				ENABLE_STRICT_OBJC_MSGSEND = YES;
				GCC_C_LANGUAGE_STANDARD = gnu99;
				GCC_WARN_64_TO_32_BIT_CONVERSION = YES;
				GCC_WARN_ABOUT_RETURN_TYPE = YES_ERROR;
				GCC_WARN_UNDECLARED_SELECTOR = YES;
				GCC_WARN_UNINITIALIZED_AUTOS = YES_AGGRESSIVE;
				GCC_WARN_UNUSED_FUNCTION = YES;
				GCC_WARN_UNUSED_VARIABLE = YES;
				IPHONEOS_DEPLOYMENT_TARGET = 8.1;
				MTL_ENABLE_DEBUG_INFO = NO;
				SDKROOT = iphoneos;
				VALIDATE_PRODUCT = YES;
			};
			name = Release;
		};
		7007264C1A745AE30032CE17 /* Debug */ = {
			isa = XCBuildConfiguration;
			buildSettings = {
				ASSETCATALOG_COMPILER_APPICON_NAME = AppIcon;
				INFOPLIST_FILE = "Adaptive Layout Tutorial/Info.plist";
				LD_RUNPATH_SEARCH_PATHS = "$(inherited) @executable_path/Frameworks";
				PRODUCT_NAME = "$(TARGET_NAME)";
			};
			name = Debug;
		};
		7007264D1A745AE30032CE17 /* Release */ = {
			isa = XCBuildConfiguration;
			buildSettings = {
				ASSETCATALOG_COMPILER_APPICON_NAME = AppIcon;
				INFOPLIST_FILE = "Adaptive Layout Tutorial/Info.plist";
				LD_RUNPATH_SEARCH_PATHS = "$(inherited) @executable_path/Frameworks";
				PRODUCT_NAME = "$(TARGET_NAME)";
			};
			name = Release;
		};
		7007264F1A745AE30032CE17 /* Debug */ = {
			isa = XCBuildConfiguration;
			buildSettings = {
				BUNDLE_LOADER = "$(TEST_HOST)";
				FRAMEWORK_SEARCH_PATHS = (
					"$(SDKROOT)/Developer/Library/Frameworks",
					"$(inherited)",
				);
				GCC_PREPROCESSOR_DEFINITIONS = (
					"DEBUG=1",
					"$(inherited)",
				);
				INFOPLIST_FILE = "Adaptive Layout TutorialTests/Info.plist";
				LD_RUNPATH_SEARCH_PATHS = "$(inherited) @executable_path/Frameworks @loader_path/Frameworks";
				PRODUCT_NAME = "$(TARGET_NAME)";
				TEST_HOST = "$(BUILT_PRODUCTS_DIR)/Adaptive Layout Tutorial.app/Adaptive Layout Tutorial";
			};
			name = Debug;
		};
		700726501A745AE30032CE17 /* Release */ = {
			isa = XCBuildConfiguration;
			buildSettings = {
				BUNDLE_LOADER = "$(TEST_HOST)";
				FRAMEWORK_SEARCH_PATHS = (
					"$(SDKROOT)/Developer/Library/Frameworks",
					"$(inherited)",
				);
				INFOPLIST_FILE = "Adaptive Layout TutorialTests/Info.plist";
				LD_RUNPATH_SEARCH_PATHS = "$(inherited) @executable_path/Frameworks @loader_path/Frameworks";
				PRODUCT_NAME = "$(TARGET_NAME)";
				TEST_HOST = "$(BUILT_PRODUCTS_DIR)/Adaptive Layout Tutorial.app/Adaptive Layout Tutorial";
			};
			name = Release;
		};
/* End XCBuildConfiguration section */

/* Begin XCConfigurationList section */
		700726271A745AE30032CE17 /* Build configuration list for PBXProject "Adaptive Layout Tutorial" */ = {
			isa = XCConfigurationList;
			buildConfigurations = (
				700726491A745AE30032CE17 /* Debug */,
				7007264A1A745AE30032CE17 /* Release */,
			);
			defaultConfigurationIsVisible = 0;
			defaultConfigurationName = Release;
		};
		7007264B1A745AE30032CE17 /* Build configuration list for PBXNativeTarget "Adaptive Layout Tutorial" */ = {
			isa = XCConfigurationList;
			buildConfigurations = (
				7007264C1A745AE30032CE17 /* Debug */,
				7007264D1A745AE30032CE17 /* Release */,
			);
			defaultConfigurationIsVisible = 0;
		};
		7007264E1A745AE30032CE17 /* Build configuration list for PBXNativeTarget "Adaptive Layout TutorialTests" */ = {
			isa = XCConfigurationList;
			buildConfigurations = (
				7007264F1A745AE30032CE17 /* Debug */,
				700726501A745AE30032CE17 /* Release */,
			);
			defaultConfigurationIsVisible = 0;
		};
/* End XCConfigurationList section */
	};
	rootObject = 700726241A745AE30032CE17 /* Project object */;
}
