// !$*UTF8*$!
{
	archiveVersion = 1;
	classes = {
	};
	objectVersion = 46;
	objects = {

/* Begin PBXBuildFile section */
		700725CE1A6E9F7E0032CE17 /* AppDelegate.swift in Sources */ = {isa = PBXBuildFile; fileRef = 700725CD1A6E9F7E0032CE17 /* AppDelegate.swift */; };
		700725D01A6E9F7E0032CE17 /* ViewController.swift in Sources */ = {isa = PBXBuildFile; fileRef = 700725CF1A6E9F7E0032CE17 /* ViewController.swift */; };
		700725D31A6E9F7E0032CE17 /* Main.storyboard in Resources */ = {isa = PBXBuildFile; fileRef = 700725D11A6E9F7E0032CE17 /* Main.storyboard */; };
		700725D51A6E9F7E0032CE17 /* Images.xcassets in Resources */ = {isa = PBXBuildFile; fileRef = 700725D41A6E9F7E0032CE17 /* Images.xcassets */; };
		700725D81A6E9F7E0032CE17 /* LaunchScreen.xib in Resources */ = {isa = PBXBuildFile; fileRef = 700725D61A6E9F7E0032CE17 /* LaunchScreen.xib */; };
		700725E41A6E9F7E0032CE17 /* SwiftSearchBarTests.swift in Sources */ = {isa = PBXBuildFile; fileRef = 700725E31A6E9F7E0032CE17 /* SwiftSearchBarTests.swift */; };
		700725EE1A6EA0360032CE17 /* Candy.swift in Sources */ = {isa = PBXBuildFile; fileRef = 700725ED1A6EA0360032CE17 /* Candy.swift */; };
		700725F01A6EA1900032CE17 /* CandyTableTVC.swift in Sources */ = {isa = PBXBuildFile; fileRef = 700725EF1A6EA1900032CE17 /* CandyTableTVC.swift */; };
/* End PBXBuildFile section */

/* Begin PBXContainerItemProxy section */
		700725DE1A6E9F7E0032CE17 /* PBXContainerItemProxy */ = {
			isa = PBXContainerItemProxy;
			containerPortal = 700725C01A6E9F7E0032CE17 /* Project object */;
			proxyType = 1;
			remoteGlobalIDString = 700725C71A6E9F7E0032CE17;
			remoteInfo = SwiftSearchBar;
		};
/* End PBXContainerItemProxy section */

/* Begin PBXFileReference section */
		700725C81A6E9F7E0032CE17 /* SwiftSearchBar.app */ = {isa = PBXFileReference; explicitFileType = wrapper.application; includeInIndex = 0; path = SwiftSearchBar.app; sourceTree = BUILT_PRODUCTS_DIR; };
		700725CC1A6E9F7E0032CE17 /* Info.plist */ = {isa = PBXFileReference; lastKnownFileType = text.plist.xml; path = Info.plist; sourceTree = "<group>"; };
		700725CD1A6E9F7E0032CE17 /* AppDelegate.swift */ = {isa = PBXFileReference; lastKnownFileType = sourcecode.swift; path = AppDelegate.swift; sourceTree = "<group>"; };
		700725CF1A6E9F7E0032CE17 /* ViewController.swift */ = {isa = PBXFileReference; lastKnownFileType = sourcecode.swift; path = ViewController.swift; sourceTree = "<group>"; };
		700725D21A6E9F7E0032CE17 /* Base */ = {isa = PBXFileReference; lastKnownFileType = file.storyboard; name = Base; path = Base.lproj/Main.storyboard; sourceTree = "<group>"; };
		700725D41A6E9F7E0032CE17 /* Images.xcassets */ = {isa = PBXFileReference; lastKnownFileType = folder.assetcatalog; path = Images.xcassets; sourceTree = "<group>"; };
		700725D71A6E9F7E0032CE17 /* Base */ = {isa = PBXFileReference; lastKnownFileType = file.xib; name = Base; path = Base.lproj/LaunchScreen.xib; sourceTree = "<group>"; };
		700725DD1A6E9F7E0032CE17 /* SwiftSearchBarTests.xctest */ = {isa = PBXFileReference; explicitFileType = wrapper.cfbundle; includeInIndex = 0; path = SwiftSearchBarTests.xctest; sourceTree = BUILT_PRODUCTS_DIR; };
		700725E21A6E9F7E0032CE17 /* Info.plist */ = {isa = PBXFileReference; lastKnownFileType = text.plist.xml; path = Info.plist; sourceTree = "<group>"; };
		700725E31A6E9F7E0032CE17 /* SwiftSearchBarTests.swift */ = {isa = PBXFileReference; lastKnownFileType = sourcecode.swift; path = SwiftSearchBarTests.swift; sourceTree = "<group>"; };
		700725ED1A6EA0360032CE17 /* Candy.swift */ = {isa = PBXFileReference; fileEncoding = 4; lastKnownFileType = sourcecode.swift; path = Candy.swift; sourceTree = "<group>"; };
		700725EF1A6EA1900032CE17 /* CandyTableTVC.swift */ = {isa = PBXFileReference; fileEncoding = 4; lastKnownFileType = sourcecode.swift; path = CandyTableTVC.swift; sourceTree = "<group>"; };
/* End PBXFileReference section */

/* Begin PBXFrameworksBuildPhase section */
		700725C51A6E9F7E0032CE17 /* Frameworks */ = {
			isa = PBXFrameworksBuildPhase;
			buildActionMask = 2147483647;
			files = (
			);
			runOnlyForDeploymentPostprocessing = 0;
		};
		700725DA1A6E9F7E0032CE17 /* Frameworks */ = {
			isa = PBXFrameworksBuildPhase;
			buildActionMask = 2147483647;
			files = (
			);
			runOnlyForDeploymentPostprocessing = 0;
		};
/* End PBXFrameworksBuildPhase section */

/* Begin PBXGroup section */
		700725BF1A6E9F7E0032CE17 = {
			isa = PBXGroup;
			children = (
				700725CA1A6E9F7E0032CE17 /* SwiftSearchBar */,
				700725E01A6E9F7E0032CE17 /* SwiftSearchBarTests */,
				700725C91A6E9F7E0032CE17 /* Products */,
			);
			sourceTree = "<group>";
		};
		700725C91A6E9F7E0032CE17 /* Products */ = {
			isa = PBXGroup;
			children = (
				700725C81A6E9F7E0032CE17 /* SwiftSearchBar.app */,
				700725DD1A6E9F7E0032CE17 /* SwiftSearchBarTests.xctest */,
			);
			name = Products;
			sourceTree = "<group>";
		};
		700725CA1A6E9F7E0032CE17 /* SwiftSearchBar */ = {
			isa = PBXGroup;
			children = (
				700725CD1A6E9F7E0032CE17 /* AppDelegate.swift */,
				700725CF1A6E9F7E0032CE17 /* ViewController.swift */,
				700725ED1A6EA0360032CE17 /* Candy.swift */,
				700725EF1A6EA1900032CE17 /* CandyTableTVC.swift */,
				700725D11A6E9F7E0032CE17 /* Main.storyboard */,
				700725D41A6E9F7E0032CE17 /* Images.xcassets */,
				700725D61A6E9F7E0032CE17 /* LaunchScreen.xib */,
				700725CB1A6E9F7E0032CE17 /* Supporting Files */,
			);
			path = SwiftSearchBar;
			sourceTree = "<group>";
		};
		700725CB1A6E9F7E0032CE17 /* Supporting Files */ = {
			isa = PBXGroup;
			children = (
				700725CC1A6E9F7E0032CE17 /* Info.plist */,
			);
			name = "Supporting Files";
			sourceTree = "<group>";
		};
		700725E01A6E9F7E0032CE17 /* SwiftSearchBarTests */ = {
			isa = PBXGroup;
			children = (
				700725E31A6E9F7E0032CE17 /* SwiftSearchBarTests.swift */,
				700725E11A6E9F7E0032CE17 /* Supporting Files */,
			);
			path = SwiftSearchBarTests;
			sourceTree = "<group>";
		};
		700725E11A6E9F7E0032CE17 /* Supporting Files */ = {
			isa = PBXGroup;
			children = (
				700725E21A6E9F7E0032CE17 /* Info.plist */,
			);
			name = "Supporting Files";
			sourceTree = "<group>";
		};
/* End PBXGroup section */

/* Begin PBXNativeTarget section */
		700725C71A6E9F7E0032CE17 /* SwiftSearchBar */ = {
			isa = PBXNativeTarget;
			buildConfigurationList = 700725E71A6E9F7E0032CE17 /* Build configuration list for PBXNativeTarget "SwiftSearchBar" */;
			buildPhases = (
				700725C41A6E9F7E0032CE17 /* Sources */,
				700725C51A6E9F7E0032CE17 /* Frameworks */,
				700725C61A6E9F7E0032CE17 /* Resources */,
			);
			buildRules = (
			);
			dependencies = (
			);
			name = SwiftSearchBar;
			productName = SwiftSearchBar;
			productReference = 700725C81A6E9F7E0032CE17 /* SwiftSearchBar.app */;
			productType = "com.apple.product-type.application";
		};
		700725DC1A6E9F7E0032CE17 /* SwiftSearchBarTests */ = {
			isa = PBXNativeTarget;
			buildConfigurationList = 700725EA1A6E9F7E0032CE17 /* Build configuration list for PBXNativeTarget "SwiftSearchBarTests" */;
			buildPhases = (
				700725D91A6E9F7E0032CE17 /* Sources */,
				700725DA1A6E9F7E0032CE17 /* Frameworks */,
				700725DB1A6E9F7E0032CE17 /* Resources */,
			);
			buildRules = (
			);
			dependencies = (
				700725DF1A6E9F7E0032CE17 /* PBXTargetDependency */,
			);
			name = SwiftSearchBarTests;
			productName = SwiftSearchBarTests;
			productReference = 700725DD1A6E9F7E0032CE17 /* SwiftSearchBarTests.xctest */;
			productType = "com.apple.product-type.bundle.unit-test";
		};
/* End PBXNativeTarget section */

/* Begin PBXProject section */
		700725C01A6E9F7E0032CE17 /* Project object */ = {
			isa = PBXProject;
			attributes = {
				LastUpgradeCheck = 0610;
				ORGANIZATIONNAME = "Genesis Apps, LLC";
				TargetAttributes = {
					700725C71A6E9F7E0032CE17 = {
						CreatedOnToolsVersion = 6.1.1;
					};
					700725DC1A6E9F7E0032CE17 = {
						CreatedOnToolsVersion = 6.1.1;
						TestTargetID = 700725C71A6E9F7E0032CE17;
					};
				};
			};
			buildConfigurationList = 700725C31A6E9F7E0032CE17 /* Build configuration list for PBXProject "SwiftSearchBar" */;
			compatibilityVersion = "Xcode 3.2";
			developmentRegion = English;
			hasScannedForEncodings = 0;
			knownRegions = (
				en,
				Base,
			);
			mainGroup = 700725BF1A6E9F7E0032CE17;
			productRefGroup = 700725C91A6E9F7E0032CE17 /* Products */;
			projectDirPath = "";
			projectRoot = "";
			targets = (
				700725C71A6E9F7E0032CE17 /* SwiftSearchBar */,
				700725DC1A6E9F7E0032CE17 /* SwiftSearchBarTests */,
			);
		};
/* End PBXProject section */

/* Begin PBXResourcesBuildPhase section */
		700725C61A6E9F7E0032CE17 /* Resources */ = {
			isa = PBXResourcesBuildPhase;
			buildActionMask = 2147483647;
			files = (
				700725D31A6E9F7E0032CE17 /* Main.storyboard in Resources */,
				700725D81A6E9F7E0032CE17 /* LaunchScreen.xib in Resources */,
				700725D51A6E9F7E0032CE17 /* Images.xcassets in Resources */,
			);
			runOnlyForDeploymentPostprocessing = 0;
		};
		700725DB1A6E9F7E0032CE17 /* Resources */ = {
			isa = PBXResourcesBuildPhase;
			buildActionMask = 2147483647;
			files = (
			);
			runOnlyForDeploymentPostprocessing = 0;
		};
/* End PBXResourcesBuildPhase section */

/* Begin PBXSourcesBuildPhase section */
		700725C41A6E9F7E0032CE17 /* Sources */ = {
			isa = PBXSourcesBuildPhase;
			buildActionMask = 2147483647;
			files = (
				700725D01A6E9F7E0032CE17 /* ViewController.swift in Sources */,
				700725EE1A6EA0360032CE17 /* Candy.swift in Sources */,
				700725F01A6EA1900032CE17 /* CandyTableTVC.swift in Sources */,
				700725CE1A6E9F7E0032CE17 /* AppDelegate.swift in Sources */,
			);
			runOnlyForDeploymentPostprocessing = 0;
		};
		700725D91A6E9F7E0032CE17 /* Sources */ = {
			isa = PBXSourcesBuildPhase;
			buildActionMask = 2147483647;
			files = (
				700725E41A6E9F7E0032CE17 /* SwiftSearchBarTests.swift in Sources */,
			);
			runOnlyForDeploymentPostprocessing = 0;
		};
/* End PBXSourcesBuildPhase section */

/* Begin PBXTargetDependency section */
		700725DF1A6E9F7E0032CE17 /* PBXTargetDependency */ = {
			isa = PBXTargetDependency;
			target = 700725C71A6E9F7E0032CE17 /* SwiftSearchBar */;
			targetProxy = 700725DE1A6E9F7E0032CE17 /* PBXContainerItemProxy */;
		};
/* End PBXTargetDependency section */

/* Begin PBXVariantGroup section */
		700725D11A6E9F7E0032CE17 /* Main.storyboard */ = {
			isa = PBXVariantGroup;
			children = (
				700725D21A6E9F7E0032CE17 /* Base */,
			);
			name = Main.storyboard;
			sourceTree = "<group>";
		};
		700725D61A6E9F7E0032CE17 /* LaunchScreen.xib */ = {
			isa = PBXVariantGroup;
			children = (
				700725D71A6E9F7E0032CE17 /* Base */,
			);
			name = LaunchScreen.xib;
			sourceTree = "<group>";
		};
/* End PBXVariantGroup section */

/* Begin XCBuildConfiguration section */
		700725E51A6E9F7E0032CE17 /* Debug */ = {
			isa = XCBuildConfiguration;
			buildSettings = {
				ALWAYS_SEARCH_USER_PATHS = NO;
				CLANG_CXX_LANGUAGE_STANDARD = "gnu++0x";
				CLANG_CXX_LIBRARY = "libc++";
				CLANG_ENABLE_MODULES = YES;
				CLANG_ENABLE_OBJC_ARC = YES;
				CLANG_WARN_BOOL_CONVERSION = YES;
				CLANG_WARN_CONSTANT_CONVERSION = YES;
				CLANG_WARN_DIRECT_OBJC_ISA_USAGE = YES_ERROR;
				CLANG_WARN_EMPTY_BODY = YES;
				CLANG_WARN_ENUM_CONVERSION = YES;
				CLANG_WARN_INT_CONVERSION = YES;
				CLANG_WARN_OBJC_ROOT_CLASS = YES_ERROR;
				CLANG_WARN_UNREACHABLE_CODE = YES;
				CLANG_WARN__DUPLICATE_METHOD_MATCH = YES;
				"CODE_SIGN_IDENTITY[sdk=iphoneos*]" = "iPhone Developer";
				COPY_PHASE_STRIP = NO;
				ENABLE_STRICT_OBJC_MSGSEND = YES;
				GCC_C_LANGUAGE_STANDARD = gnu99;
				GCC_DYNAMIC_NO_PIC = NO;
				GCC_OPTIMIZATION_LEVEL = 0;
				GCC_PREPROCESSOR_DEFINITIONS = (
					"DEBUG=1",
					"$(inherited)",
				);
				GCC_SYMBOLS_PRIVATE_EXTERN = NO;
				GCC_WARN_64_TO_32_BIT_CONVERSION = YES;
				GCC_WARN_ABOUT_RETURN_TYPE = YES_ERROR;
				GCC_WARN_UNDECLARED_SELECTOR = YES;
				GCC_WARN_UNINITIALIZED_AUTOS = YES_AGGRESSIVE;
				GCC_WARN_UNUSED_FUNCTION = YES;
				GCC_WARN_UNUSED_VARIABLE = YES;
				IPHONEOS_DEPLOYMENT_TARGET = 8.1;
				MTL_ENABLE_DEBUG_INFO = YES;
				ONLY_ACTIVE_ARCH = YES;
				SDKROOT = iphoneos;
				SWIFT_OPTIMIZATION_LEVEL = "-Onone";
			};
			name = Debug;
		};
		700725E61A6E9F7E0032CE17 /* Release */ = {
			isa = XCBuildConfiguration;
			buildSettings = {
				ALWAYS_SEARCH_USER_PATHS = NO;
				CLANG_CXX_LANGUAGE_STANDARD = "gnu++0x";
				CLANG_CXX_LIBRARY = "libc++";
				CLANG_ENABLE_MODULES = YES;
				CLANG_ENABLE_OBJC_ARC = YES;
				CLANG_WARN_BOOL_CONVERSION = YES;
				CLANG_WARN_CONSTANT_CONVERSION = YES;
				CLANG_WARN_DIRECT_OBJC_ISA_USAGE = YES_ERROR;
				CLANG_WARN_EMPTY_BODY = YES;
				CLANG_WARN_ENUM_CONVERSION = YES;
				CLANG_WARN_INT_CONVERSION = YES;
				CLANG_WARN_OBJC_ROOT_CLASS = YES_ERROR;
				CLANG_WARN_UNREACHABLE_CODE = YES;
				CLANG_WARN__DUPLICATE_METHOD_MATCH = YES;
				"CODE_SIGN_IDENTITY[sdk=iphoneos*]" = "iPhone Developer";
				COPY_PHASE_STRIP = YES;
				ENABLE_NS_ASSERTIONS = NO;
				ENABLE_STRICT_OBJC_MSGSEND = YES;
				GCC_C_LANGUAGE_STANDARD = gnu99;
				GCC_WARN_64_TO_32_BIT_CONVERSION = YES;
				GCC_WARN_ABOUT_RETURN_TYPE = YES_ERROR;
				GCC_WARN_UNDECLARED_SELECTOR = YES;
				GCC_WARN_UNINITIALIZED_AUTOS = YES_AGGRESSIVE;
				GCC_WARN_UNUSED_FUNCTION = YES;
				GCC_WARN_UNUSED_VARIABLE = YES;
				IPHONEOS_DEPLOYMENT_TARGET = 8.1;
				MTL_ENABLE_DEBUG_INFO = NO;
				SDKROOT = iphoneos;
				VALIDATE_PRODUCT = YES;
			};
			name = Release;
		};
		700725E81A6E9F7E0032CE17 /* Debug */ = {
			isa = XCBuildConfiguration;
			buildSettings = {
				ASSETCATALOG_COMPILER_APPICON_NAME = AppIcon;
				INFOPLIST_FILE = SwiftSearchBar/Info.plist;
				LD_RUNPATH_SEARCH_PATHS = "$(inherited) @executable_path/Frameworks";
				PRODUCT_NAME = "$(TARGET_NAME)";
			};
			name = Debug;
		};
		700725E91A6E9F7E0032CE17 /* Release */ = {
			isa = XCBuildConfiguration;
			buildSettings = {
				ASSETCATALOG_COMPILER_APPICON_NAME = AppIcon;
				INFOPLIST_FILE = SwiftSearchBar/Info.plist;
				LD_RUNPATH_SEARCH_PATHS = "$(inherited) @executable_path/Frameworks";
				PRODUCT_NAME = "$(TARGET_NAME)";
			};
			name = Release;
		};
		700725EB1A6E9F7E0032CE17 /* Debug */ = {
			isa = XCBuildConfiguration;
			buildSettings = {
				BUNDLE_LOADER = "$(TEST_HOST)";
				FRAMEWORK_SEARCH_PATHS = (
					"$(SDKROOT)/Developer/Library/Frameworks",
					"$(inherited)",
				);
				GCC_PREPROCESSOR_DEFINITIONS = (
					"DEBUG=1",
					"$(inherited)",
				);
				INFOPLIST_FILE = SwiftSearchBarTests/Info.plist;
				LD_RUNPATH_SEARCH_PATHS = "$(inherited) @executable_path/Frameworks @loader_path/Frameworks";
				PRODUCT_NAME = "$(TARGET_NAME)";
				TEST_HOST = "$(BUILT_PRODUCTS_DIR)/SwiftSearchBar.app/SwiftSearchBar";
			};
			name = Debug;
		};
		700725EC1A6E9F7E0032CE17 /* Release */ = {
			isa = XCBuildConfiguration;
			buildSettings = {
				BUNDLE_LOADER = "$(TEST_HOST)";
				FRAMEWORK_SEARCH_PATHS = (
					"$(SDKROOT)/Developer/Library/Frameworks",
					"$(inherited)",
				);
				INFOPLIST_FILE = SwiftSearchBarTests/Info.plist;
				LD_RUNPATH_SEARCH_PATHS = "$(inherited) @executable_path/Frameworks @loader_path/Frameworks";
				PRODUCT_NAME = "$(TARGET_NAME)";
				TEST_HOST = "$(BUILT_PRODUCTS_DIR)/SwiftSearchBar.app/SwiftSearchBar";
			};
			name = Release;
		};
/* End XCBuildConfiguration section */

/* Begin XCConfigurationList section */
		700725C31A6E9F7E0032CE17 /* Build configuration list for PBXProject "SwiftSearchBar" */ = {
			isa = XCConfigurationList;
			buildConfigurations = (
				700725E51A6E9F7E0032CE17 /* Debug */,
				700725E61A6E9F7E0032CE17 /* Release */,
			);
			defaultConfigurationIsVisible = 0;
			defaultConfigurationName = Release;
		};
		700725E71A6E9F7E0032CE17 /* Build configuration list for PBXNativeTarget "SwiftSearchBar" */ = {
			isa = XCConfigurationList;
			buildConfigurations = (
				700725E81A6E9F7E0032CE17 /* Debug */,
				700725E91A6E9F7E0032CE17 /* Release */,
			);
			defaultConfigurationIsVisible = 0;
		};
		700725EA1A6E9F7E0032CE17 /* Build configuration list for PBXNativeTarget "SwiftSearchBarTests" */ = {
			isa = XCConfigurationList;
			buildConfigurations = (
				700725EB1A6E9F7E0032CE17 /* Debug */,
				700725EC1A6E9F7E0032CE17 /* Release */,
			);
			defaultConfigurationIsVisible = 0;
		};
/* End XCConfigurationList section */
	};
	rootObject = 700725C01A6E9F7E0032CE17 /* Project object */;
}
